
Microsoft Visual Studio Solution File, Format Version 12.00
# Visual Studio Version 16
VisualStudioVersion = 16.0.31205.134
MinimumVisualStudioVersion = 10.0.40219.1
Project("{FAE04EC0-301F-11D3-BF4B-00C04F79EFBC}") = "Rvas_ispit_projekat", "Rvas_ispit_projekat.csproj", "{4C32ED1C-6C77-48FC-8CDB-1E05ECEE6454}"
EndProject
Global
	GlobalSection(SolutionConfigurationPlatforms) = preSolution
		Debug|Any CPU = Debug|Any CPU
		Release|Any CPU = Release|Any CPU
	EndGlobalSection
	GlobalSection(ProjectConfigurationPlatforms) = postSolution
		{4C32ED1C-6C77-48FC-8CDB-1E05ECEE6454}.Debug|Any CPU.ActiveCfg = Debug|Any CPU
		{4C32ED1C-6C77-48FC-8CDB-1E05ECEE6454}.Debug|Any CPU.Build.0 = Debug|Any CPU
		{4C32ED1C-6C77-48FC-8CDB-1E05ECEE6454}.Release|Any CPU.ActiveCfg = Release|Any CPU
		{4C32ED1C-6C77-48FC-8CDB-1E05ECEE6454}.Release|Any CPU.Build.0 = Release|Any CPU
	EndGlobalSection
	GlobalSection(SolutionProperties) = preSolution
		HideSolutionNode = FALSE
	EndGlobalSection
	GlobalSection(ExtensibilityGlobals) = postSolution
		SolutionGuid = {22901930-C488-473D-95DE-A3BEA6D2D0AE}
	EndGlobalSection
EndGlobal
